<?xml version="1.0" encoding="utf-8"?>
<Project ToolsVersion="4.0" xmlns="http://schemas.microsoft.com/developer/msbuild/2003">
  <ItemGroup>
    <Filter Include="system">
      <UniqueIdentifier>{22dd8095-74f9-46df-81a1-36675a040b1f}</UniqueIdentifier>
    </Filter>
    <Filter Include="Src">
      <UniqueIdentifier>{1c44a0a2-237a-410d-8c86-107fd153bed8}</UniqueIdentifier>
    </Filter>
    <Filter Include="Src\Actor">
      <UniqueIdentifier>{715ea53d-7871-401a-800a-6d93fb5e6fa7}</UniqueIdentifier>
    </Filter>
    <Filter Include="Src\Actor\Character">
      <UniqueIdentifier>{bee95387-773d-4f6c-a945-37f124b86832}</UniqueIdentifier>
    </Filter>
    <Filter Include="Src\Actor\Character\Enemy">
      <UniqueIdentifier>{afae5479-4889-4952-b273-8491fcd8a89f}</UniqueIdentifier>
    </Filter>
    <Filter Include="Src\Actor\Stage">
      <UniqueIdentifier>{ae5f0c52-4e96-482e-a278-39ce5d450482}</UniqueIdentifier>
    </Filter>
    <Filter Include="Src\Camera">
      <UniqueIdentifier>{f015fa04-0e76-45a7-be36-9db1855e1a67}</UniqueIdentifier>
    </Filter>
    <Filter Include="Src\UI">
      <UniqueIdentifier>{a190ba3a-ba59-46a2-a54a-a57bec26176e}</UniqueIdentifier>
    </Filter>
    <Filter Include="Src\Actor\Stage\Gimmick">
      <UniqueIdentifier>{3295a3f4-8986-410a-abff-65e8b9a3183e}</UniqueIdentifier>
    </Filter>
    <Filter Include="Src\Scene">
      <UniqueIdentifier>{504a6e0d-194d-4cae-8573-1ea3a7990bb6}</UniqueIdentifier>
    </Filter>
    <Filter Include="Src\Direction">
      <UniqueIdentifier>{885010ee-abfc-4a31-b938-305756ca8425}</UniqueIdentifier>
    </Filter>
    <Filter Include="Src\Core">
      <UniqueIdentifier>{b45da247-dcac-4cbc-b999-1d9dc826fb3d}</UniqueIdentifier>
    </Filter>
    <Filter Include="Src\Scene\title">
      <UniqueIdentifier>{bc371530-928d-4a8b-9a1a-79bb10ee2b03}</UniqueIdentifier>
    </Filter>
    <Filter Include="Src\Direction\CutIn">
      <UniqueIdentifier>{106d9842-38cf-435e-9af8-3976ef7d2984}</UniqueIdentifier>
    </Filter>
  </ItemGroup>
  <ItemGroup>
    <ClCompile Include="stdafx.cpp" />
    <ClCompile Include="main.cpp" />
    <ClCompile Include="system\system.cpp">
      <Filter>system</Filter>
    </ClCompile>
    <ClCompile Include="Src\Actor\Actor.cpp">
      <Filter>Src\Actor</Filter>
    </ClCompile>
    <ClCompile Include="Src\Actor\Character\Enemy\IEnemy.cpp">
      <Filter>Src\Actor\Character\Enemy</Filter>
    </ClCompile>
    <ClCompile Include="Src\Actor\Character\Enemy\TrackingEnemy.cpp">
      <Filter>Src\Actor\Character\Enemy</Filter>
    </ClCompile>
    <ClCompile Include="Src\Actor\Stage\IStage.cpp">
      <Filter>Src\Actor\Stage</Filter>
    </ClCompile>
    <ClCompile Include="Src\WallActor.cpp">
      <Filter>Src</Filter>
    </ClCompile>
    <ClCompile Include="Src\UI\UIBase.cpp">
      <Filter>Src\UI</Filter>
    </ClCompile>
    <ClCompile Include="Src\UI\TimerUI.cpp">
      <Filter>Src\UI</Filter>
    </ClCompile>
    <ClCompile Include="Src\UI\NumberUI.cpp">
      <Filter>Src\UI</Filter>
    </ClCompile>
    <ClCompile Include="Src\UI\ScoreUI.cpp">
      <Filter>Src\UI</Filter>
    </ClCompile>
    <ClCompile Include="Src\UI\HPbarUI.cpp">
      <Filter>Src\UI</Filter>
    </ClCompile>
    <ClCompile Include="Src\Scene\Scene.cpp">
      <Filter>Src\Scene</Filter>
    </ClCompile>
    <ClCompile Include="Src\Scene\TitleScene.cpp">
      <Filter>Src\Scene</Filter>
    </ClCompile>
    <ClCompile Include="Src\Scene\InGameScene.cpp">
      <Filter>Src\Scene</Filter>
    </ClCompile>
    <ClCompile Include="Src\Actor\Stage\Gimmick\IGimmic.cpp">
      <Filter>Src\Actor\Stage\Gimmick</Filter>
    </ClCompile>
    <ClCompile Include="Src\Scene\LoadingScene.cpp">
      <Filter>Src\Scene</Filter>
    </ClCompile>
    <ClCompile Include="Src\Actor\Character\Enemy\Thwomp.cpp">
      <Filter>Src\Actor\Character\Enemy</Filter>
    </ClCompile>
    <ClCompile Include="Src\Scene\title\TitleBackgroundLayer.cpp">
      <Filter>Src\Scene\title</Filter>
    </ClCompile>
    <ClCompile Include="Src\Scene\title\TitleButtonActionLayer.cpp">
      <Filter>Src\Scene\title</Filter>
    </ClCompile>
    <ClCompile Include="Src\Scene\title\TitleLayerBase.cpp">
      <Filter>Src\Scene\title</Filter>
    </ClCompile>
    <ClCompile Include="Src\Scene\title\TitleLogoLayer.cpp">
      <Filter>Src\Scene\title</Filter>
    </ClCompile>
    <ClCompile Include="Src\Scene\title\TitleView.cpp">
      <Filter>Src\Scene\title</Filter>
    </ClCompile>
    <ClCompile Include="Src\Actor\Character\Status.cpp">
      <Filter>Src\Actor\Character</Filter>
    </ClCompile>
    <ClCompile Include="Src\Production\Fade.cpp">
      <Filter>Src\Direction</Filter>
    </ClCompile>
    <ClCompile Include="Src\Production\GameClear.cpp">
      <Filter>Src\Direction</Filter>
    </ClCompile>
    <ClCompile Include="Src\Production\StageClear.cpp">
      <Filter>Src\Direction</Filter>
    </ClCompile>
    <ClCompile Include="Src\Core\Game.cpp">
      <Filter>Src\Core</Filter>
    </ClCompile>
    <ClCompile Include="Src\Core\SceneManager.cpp">
      <Filter>Src\Core</Filter>
    </ClCompile>
    <ClCompile Include="Src\Camera\FollowStrategy.cpp">
      <Filter>Src\Camera</Filter>
    </ClCompile>
    <ClCompile Include="Src\Camera\ICameraStrategy.cpp">
      <Filter>Src\Camera</Filter>
    </ClCompile>
    <ClCompile Include="Src\Production\CutIn\CutInBase.cpp">
      <Filter>Src\Direction\CutIn</Filter>
    </ClCompile>
    <ClCompile Include="Src\Production\CutIn\CutInLogoLayer.cpp">
      <Filter>Src\Direction\CutIn</Filter>
    </ClCompile>
    <ClCompile Include="Src\Production\CutIn\CutInMaskLayer.cpp">
      <Filter>Src\Direction\CutIn</Filter>
    </ClCompile>
    <ClCompile Include="Src\Production\CutIn\CutInScrollLayer.cpp">
      <Filter>Src\Direction\CutIn</Filter>
    </ClCompile>
    <ClCompile Include="Src\Production\CutIn\CutInShadowLayer.cpp">
      <Filter>Src\Direction\CutIn</Filter>
    </ClCompile>
    <ClCompile Include="Src\Production\CutIn\CutInSlideLayer.cpp">
      <Filter>Src\Direction\CutIn</Filter>
    </ClCompile>
    <ClCompile Include="Src\Production\CutIn\CutInView.cpp">
      <Filter>Src\Direction\CutIn</Filter>
    </ClCompile>
    <ClCompile Include="Src\Core\CameraManager.cpp">
      <Filter>Src\Core</Filter>
    </ClCompile>
    <ClCompile Include="Src\Core\StageManager.cpp">
      <Filter>Src\Core</Filter>
    </ClCompile>
    <ClCompile Include="Src\Camera\BossCameraStrategy.cpp">
      <Filter>Src\Camera</Filter>
    </ClCompile>
    <ClCompile Include="Src\Core\SoundManager.cpp" />
    <ClCompile Include="Src\Actor\Stage\MainUnit\Stage1.cpp" />
    <ClCompile Include="Src\Actor\Stage\MainUnit\Stage2.cpp" />
    <ClCompile Include="Src\Actor\Stage\MainUnit\Stage3.cpp" />
    <ClCompile Include="Src\Actor\Stage\MainUnit\StageEX.cpp" />
    <ClCompile Include="Src\Actor\Character\Player\IState.cpp" />
    <ClCompile Include="Src\Actor\Character\Player\PlayerIdleState.cpp" />
    <ClCompile Include="Src\Actor\Character\Player\PlayerJumpState.cpp" />
    <ClCompile Include="Src\Actor\Character\Player\PlayerRunState.cpp" />
    <ClCompile Include="Src\Actor\Character\Character.cpp" />
    <ClCompile Include="Src\Actor\Character\IState.cpp" />
    <ClCompile Include="Src\Actor\Character\Player\PlayerFallState.cpp" />
    <ClCompile Include="Src\Actor\Character\Enemy\EnemyFactory.cpp" />
    <ClCompile Include="Src\Actor\Character\Player\Character2DRender.cpp" />
    <ClCompile Include="Src\Collision\NonCopyable.cpp" />
    <ClCompile Include="Src\Collision\CollisionManager.cpp" />
    <ClCompile Include="Src\Camera\Dimensiontrigger.cpp" />
    <ClCompile Include="Src\Core\InputManager.cpp" />
    <ClCompile Include="Src\Actor\Character\Enemy\Normal\NormalEnemy.cpp" />
    <ClCompile Include="Src\Actor\Character\Player\Player.cpp" />
    <ClCompile Include="Src\Actor\Character\Enemy\Normal\NormalIdleState.cpp" />
    <ClCompile Include="Src\Actor\Character\Enemy\IEnemyState.cpp" />
    <ClCompile Include="Src\Actor\Character\Enemy\Normal\NormalChaseState.cpp" />
    <ClCompile Include="Src\Actor\Character\Enemy\Normal\NormalCrushedState.cpp" />
    <ClCompile Include="Src\Scene\GameClearScene.cpp" />
    <ClCompile Include="Src\Scene\GameOverScene.cpp" />
    <ClCompile Include="Src\Production\GameOver.cpp" />
    <ClCompile Include="Src\Actor\Stage\MainUnit\TutorialStage.cpp" />
    <ClCompile Include="Src\UI\ButtonActionUI.cpp" />
    <ClCompile Include="Src\Actor\Character\Enemy\Fall\FallEnemy.cpp" />
    <ClCompile Include="Src\Actor\Character\Enemy\Fall\FallEnemyIdleState.cpp" />
    <ClCompile Include="Src\Actor\Character\Enemy\Fall\FallEnemyFallState.cpp" />
    <ClCompile Include="Src\Actor\Character\Enemy\Fall\FallEnemyLandState.cpp" />
    <ClCompile Include="Src\Actor\Character\Enemy\Fall\FallEnemyRIseState.cpp" />
    <ClCompile Include="Src\Actor\Character\Enemy\Boss\Boss.cpp" />
    <ClCompile Include="Src\Actor\Character\Enemy\Boss\BossIdleState.cpp" />
    <ClCompile Include="Src\Actor\Character\Enemy\Boss\BossAttackState.cpp" />
    <ClCompile Include="Src\Actor\Character\Enemy\Boss\BossDamageState.cpp" />
    <ClCompile Include="Src\Actor\Character\Enemy\Boss\BossTumbleState.cpp" />
    <ClCompile Include="Src\Production\AttackMarker.cpp" />
    <ClCompile Include="Src\Actor\Character\Enemy\Boss\IBossStrategy.cpp" />
    <ClCompile Include="Src\Actor\Character\Enemy\Boss\BossType.cpp" />
    <ClCompile Include="Src\Actor\Character\Enemy\Boss\3D\BossAttackMeteoState.cpp" />
    <ClCompile Include="Src\Actor\Character\Enemy\Boss\3D\BossAttackSpearState.cpp" />
    <ClCompile Include="Src\Actor\Character\Enemy\Boss\3D\BossAttackRoar3DState.cpp" />
    <ClCompile Include="Src\Actor\Character\Enemy\Boss\2D\BossAttackJumpState.cpp" />
    <ClCompile Include="Src\Actor\Character\Enemy\Boss\2D\BossAttackFireBallState.cpp" />
    <ClCompile Include="Src\Actor\Character\Enemy\Boss\2D\BossAttackRoar2DState.cpp" />
    <ClCompile Include="Src\Core\BattlePhaseManager.cpp" />
    <ClCompile Include="Src\Camera\SideCameraStrategy.cpp" />
    <ClCompile Include="Src\UI\BossUI\BossUIBase.cpp" />
    <ClCompile Include="Src\UI\BossUI\BossHPbarUI.cpp" />
    <ClCompile Include="Src\Core\BossUIManager.cpp" />
    <ClCompile Include="Src\UI\BossUI\BossAttackIndicatorUI.cpp" />
    <ClCompile Include="Src\UI\BossUI\BossPhaseUI.cpp" />
    <ClCompile Include="Src\Actor\Character\Enemy\Boss\BossDeadState.cpp" />
    <ClCompile Include="Src\Actor\Stage\Gimmick\BossGimmick\FireBall.cpp" />
    <ClCompile Include="Src\Actor\Stage\Gimmick\BossGimmick\FloatingPlatform.cpp" />
    <ClCompile Include="Src\Actor\Stage\Gimmick\BossGimmick\Meteo.cpp" />
    <ClCompile Include="Src\Actor\Stage\Gimmick\BossGimmick\Spear.cpp" />
    <ClCompile Include="Src\Actor\Stage\Gimmick\BossGimmick\Thunder.cpp" />
    <ClCompile Include="Src\Actor\Stage\Gimmick\StageGimmick\JumpPad.cpp" />
    <ClCompile Include="Src\Actor\Stage\Gimmick\StageGimmick\RotationFool.cpp" />
    <ClCompile Include="Src\Actor\Stage\Gimmick\StageGimmick\Star.cpp" />
    <ClCompile Include="Src\Actor\Stage\Gimmick\StageGimmick\Wall.cpp" />
    <ClCompile Include="Src\Actor\Stage\BackGround.cpp" />
    <ClCompile Include="Src\Production\StarGetProduction.cpp" />
    <ClCompile Include="Src\Actor\Character\Player\PlayerTutorialPauseStage.cpp" />
    <ClCompile Include="Src\UI\Tutorial\TutorialMessageUI.cpp" />
    <ClCompile Include="Src\UI\Tutorial\TutorialSequencer.cpp" />
    <ClCompile Include="Src\UI\Tutorial\TutorialCompleteUI.cpp" />
    <ClCompile Include="Src\Actor\Stage\Gimmick\StageGimmick\Switch.cpp" />
    <ClCompile Include="Src\Actor\Stage\Gimmick\StageGimmick\TargetWall.cpp" />
    <ClCompile Include="Src\Actor\Stage\Gimmick\StageGimmick\Block.cpp" />
    <ClCompile Include="Src\Actor\Stage\Gimmick\StageGimmick\Coin.cpp" />
    <ClCompile Include="Src\Actor\Character\Enemy\Boss\2D\BossAttackMeteo2DState.cpp" />
    <ClCompile Include="Src\UI\Select\TitleMenu.cpp" />
    <ClCompile Include="StageIcon.cpp" />
    <ClCompile Include="Src\UI\Select\WorldSelectUI.cpp" />
    <ClCompile Include="Src\Scene\WorldSelectScene.cpp" />
    <ClCompile Include="Src\UI\Select\ManualUI.cpp" />
  </ItemGroup>
  <ItemGroup>
    <ClInclude Include="stdafx.h" />
    <ClInclude Include="system\system.h">
      <Filter>system</Filter>
    </ClInclude>
    <ClInclude Include="Src\Actor\Actor.h">
      <Filter>Src\Actor</Filter>
    </ClInclude>
    <ClInclude Include="Src\Actor\Character\Enemy\IEnemy.h">
      <Filter>Src\Actor\Character\Enemy</Filter>
    </ClInclude>
    <ClInclude Include="Src\Actor\Character\Enemy\TrackingEnemy.h">
      <Filter>Src\Actor\Character\Enemy</Filter>
    </ClInclude>
    <ClInclude Include="Src\Actor\Stage\IStage.h">
      <Filter>Src\Actor\Stage</Filter>
    </ClInclude>
    <ClInclude Include="resource.h" />
    <ClInclude Include="Src\WallActor.h">
      <Filter>Src</Filter>
    </ClInclude>
    <ClInclude Include="Src\UI\UIBase.h">
      <Filter>Src\UI</Filter>
    </ClInclude>
    <ClInclude Include="Src\UI\TimerUI.h">
      <Filter>Src\UI</Filter>
    </ClInclude>
    <ClInclude Include="Src\UI\NumberUI.h">
      <Filter>Src\UI</Filter>
    </ClInclude>
    <ClInclude Include="Src\UI\ScoreUI.h">
      <Filter>Src\UI</Filter>
    </ClInclude>
    <ClInclude Include="Src\UI\HPbarUI.h">
      <Filter>Src\UI</Filter>
    </ClInclude>
    <ClInclude Include="Src\Scene\Scene.h">
      <Filter>Src\Scene</Filter>
    </ClInclude>
    <ClInclude Include="Src\Scene\TitleScene.h">
      <Filter>Src\Scene</Filter>
    </ClInclude>
    <ClInclude Include="Src\Scene\InGameScene.h">
      <Filter>Src\Scene</Filter>
    </ClInclude>
    <ClInclude Include="Src\Actor\Stage\Gimmick\IGimmic.h">
      <Filter>Src\Actor\Stage\Gimmick</Filter>
    </ClInclude>
    <ClInclude Include="Src\Scene\LoadingScene.h">
      <Filter>Src\Scene</Filter>
    </ClInclude>
    <ClInclude Include="Src\Actor\Character\Enemy\Thwomp.h">
      <Filter>Src\Actor\Character\Enemy</Filter>
    </ClInclude>
    <ClInclude Include="Src\Scene\title\TitleBackgroundLayer.h">
      <Filter>Src\Scene\title</Filter>
    </ClInclude>
    <ClInclude Include="Src\Scene\title\TitleButtonActionLayer.h">
      <Filter>Src\Scene\title</Filter>
    </ClInclude>
    <ClInclude Include="Src\Scene\title\TitleLayerBase.h">
      <Filter>Src\Scene\title</Filter>
    </ClInclude>
    <ClInclude Include="Src\Scene\title\TitleLogoLayer.h">
      <Filter>Src\Scene\title</Filter>
    </ClInclude>
    <ClInclude Include="Src\Scene\title\TitleView.h">
      <Filter>Src\Scene\title</Filter>
    </ClInclude>
    <ClInclude Include="Src\Actor\Character\Status.h">
      <Filter>Src\Actor\Character</Filter>
    </ClInclude>
    <ClInclude Include="Src\Production\Fade.h">
      <Filter>Src\Direction</Filter>
    </ClInclude>
    <ClInclude Include="Src\Production\GameClear.h">
      <Filter>Src\Direction</Filter>
    </ClInclude>
    <ClInclude Include="Src\Production\StageClear.h">
      <Filter>Src\Direction</Filter>
    </ClInclude>
    <ClInclude Include="Src\Core\Game.h">
      <Filter>Src\Core</Filter>
    </ClInclude>
    <ClInclude Include="Src\Core\SceneManager.h">
      <Filter>Src\Core</Filter>
    </ClInclude>
    <ClInclude Include="Src\Camera\FollowStrategy.h">
      <Filter>Src\Camera</Filter>
    </ClInclude>
    <ClInclude Include="Src\Camera\ICameraStrategy.h">
      <Filter>Src\Camera</Filter>
    </ClInclude>
    <ClInclude Include="Src\Production\CutIn\CutInBase.h">
      <Filter>Src\Direction\CutIn</Filter>
    </ClInclude>
    <ClInclude Include="Src\Production\CutIn\CutInLogoLayer.h">
      <Filter>Src\Direction\CutIn</Filter>
    </ClInclude>
    <ClInclude Include="Src\Production\CutIn\CutInMaskLayer.h">
      <Filter>Src\Direction\CutIn</Filter>
    </ClInclude>
    <ClInclude Include="Src\Production\CutIn\CutInScrollLayer.h">
      <Filter>Src\Direction\CutIn</Filter>
    </ClInclude>
    <ClInclude Include="Src\Production\CutIn\CutInShadowLayer.h">
      <Filter>Src\Direction\CutIn</Filter>
    </ClInclude>
    <ClInclude Include="Src\Production\CutIn\CutInSlideLayer.h">
      <Filter>Src\Direction\CutIn</Filter>
    </ClInclude>
    <ClInclude Include="Src\Production\CutIn\CutInView.h">
      <Filter>Src\Direction\CutIn</Filter>
    </ClInclude>
    <ClInclude Include="Src\Core\CameraManager.h">
      <Filter>Src\Core</Filter>
    </ClInclude>
    <ClInclude Include="Src\Core\StageManager.h">
      <Filter>Src\Core</Filter>
    </ClInclude>
    <ClInclude Include="Src\Camera\BossCameraStrategy.h">
      <Filter>Src\Camera</Filter>
    </ClInclude>
    <ClInclude Include="Src\Core\SoundManager.h" />
    <ClInclude Include="Src\Actor\Stage\MainUnit\Stage1.h" />
    <ClInclude Include="Src\Actor\Stage\MainUnit\Stage2.h" />
    <ClInclude Include="Src\Actor\Stage\MainUnit\Stage3.h" />
    <ClInclude Include="Src\Actor\Stage\MainUnit\StageEX.h" />
    <ClInclude Include="Src\Actor\Character\Player\IState.h" />
    <ClInclude Include="Src\Actor\Character\Player\PlayerIdleState.h" />
    <ClInclude Include="Src\Actor\Character\Player\PlayerJumpState.h" />
    <ClInclude Include="Src\Actor\Character\Player\PlayerRunState.h" />
    <ClInclude Include="Src\Actor\Character\Character.h" />
    <ClInclude Include="Src\Actor\Character\IState.h" />
    <ClInclude Include="Src\Actor\Character\Player\PlayerFallState.h" />
    <ClInclude Include="Src\Actor\Character\Enemy\EnemyFactory.h" />
    <ClInclude Include="Src\Actor\Character\Player\Character2DRender.h" />
    <ClInclude Include="Src\Collision\NonCopyable.h" />
    <ClInclude Include="Src\Collision\CollisionManager.h" />
    <ClInclude Include="Src\Camera\Dimensiontrigger.h" />
    <ClInclude Include="Src\Core\InputManager.h" />
    <ClInclude Include="Src\Actor\Character\Enemy\Normal\NormalEnemy.h" />
    <ClInclude Include="Src\Actor\Character\Player\Player.h" />
    <ClInclude Include="Src\Actor\Character\Enemy\Normal\NormalIdleState.h" />
    <ClInclude Include="Src\Actor\Character\Enemy\IEnemyState.h" />
    <ClInclude Include="Src\Actor\Character\Enemy\Normal\NormalChaseState.h" />
    <ClInclude Include="Src\Actor\Character\Enemy\Normal\NormalCrushedState.h" />
    <ClInclude Include="Src\Scene\GameClearScene.h" />
    <ClInclude Include="Src\Scene\GameOverScene.h" />
    <ClInclude Include="Src\Production\GameOver.h" />
    <ClInclude Include="Src\Actor\Stage\MainUnit\TutorialStage.h" />
    <ClInclude Include="Src\UI\ButtonActionUI.h" />
    <ClInclude Include="Src\Actor\Character\Enemy\Fall\FallEnemy.h" />
    <ClInclude Include="Src\Actor\Character\Enemy\Fall\FallEnemyIdleState.h" />
    <ClInclude Include="Src\Actor\Character\Enemy\Fall\FallEnemyFallState.h" />
    <ClInclude Include="Src\Actor\Character\Enemy\Fall\FallEnemyLandState.h" />
    <ClInclude Include="Src\Actor\Character\Enemy\Fall\FallEnemyRIseState.h" />
    <ClInclude Include="Src\Actor\Character\Enemy\Boss\Boss.h" />
    <ClInclude Include="Src\Actor\Character\Enemy\Boss\BossIdleState.h" />
    <ClInclude Include="Src\Actor\Character\Enemy\Boss\BossAttackState.h" />
    <ClInclude Include="Src\Actor\Character\Enemy\Boss\BossDamageState.h" />
    <ClInclude Include="Src\Actor\Character\Enemy\Boss\BossTumbleState.h" />
    <ClInclude Include="Src\Production\AttackMarker.h" />
    <ClInclude Include="Src\Actor\Character\Enemy\Boss\IBossStrategy.h" />
    <ClInclude Include="Src\Actor\Character\Enemy\Boss\BossType.h" />
    <ClInclude Include="Src\Actor\Character\Enemy\Boss\3D\BossAttackMeteoState.h" />
    <ClInclude Include="Src\Actor\Character\Enemy\Boss\3D\BossAttackSpearState.h" />
    <ClInclude Include="Src\Actor\Character\Enemy\Boss\3D\BossAttackRoar3DState.h" />
    <ClInclude Include="Src\Actor\Character\Enemy\Boss\2D\BossAttackJumpState.h" />
    <ClInclude Include="Src\Actor\Character\Enemy\Boss\2D\BossAttackFireBallState.h" />
    <ClInclude Include="Src\Actor\Character\Enemy\Boss\2D\BossAttackRoar2DState.h" />
    <ClInclude Include="Src\Core\BattlePhaseManager.h" />
    <ClInclude Include="Src\Camera\SideCameraStrategy.h" />
    <ClInclude Include="Src\UI\BossUI\BossUIBase.h" />
    <ClInclude Include="Src\UI\BossUI\BossHPbarUI.h" />
    <ClInclude Include="Src\Core\BossUIManager.h" />
    <ClInclude Include="Src\UI\BossUI\BossAttackIndicatorUI.h" />
    <ClInclude Include="Src\UI\BossUI\BossPhaseUI.h" />
    <ClInclude Include="Src\Actor\Character\Enemy\Boss\BossDeadState.h" />
    <ClInclude Include="Src\Actor\Stage\Gimmick\BossGimmick\FireBall.h" />
    <ClInclude Include="Src\Actor\Stage\Gimmick\BossGimmick\FloatingPlatform.h" />
    <ClInclude Include="Src\Actor\Stage\Gimmick\BossGimmick\Meteo.h" />
    <ClInclude Include="Src\Actor\Stage\Gimmick\BossGimmick\Spear.h" />
    <ClInclude Include="Src\Actor\Stage\Gimmick\BossGimmick\Thunder.h" />
    <ClInclude Include="Src\Actor\Stage\Gimmick\StageGimmick\JumpPad.h" />
    <ClInclude Include="Src\Actor\Stage\Gimmick\StageGimmick\RotationFool.h" />
    <ClInclude Include="Src\Actor\Stage\Gimmick\StageGimmick\Star.h" />
    <ClInclude Include="Src\Actor\Stage\Gimmick\StageGimmick\Wall.h" />
    <ClInclude Include="Src\Actor\Stage\BackGround.h" />
    <ClInclude Include="Src\Production\StarGetProduction.h" />
    <ClInclude Include="Src\Actor\Character\Player\PlayerTutorialPauseStage.h" />
    <ClInclude Include="Src\UI\Tutorial\TutorialMessageUI.h" />
    <ClInclude Include="Src\UI\Tutorial\TutorialSequencer.h" />
    <ClInclude Include="Src\UI\Tutorial\TutorialCompleteUI.h" />
    <ClInclude Include="Src\Actor\Stage\Gimmick\StageGimmick\Switch.h" />
    <ClInclude Include="Src\Actor\Stage\Gimmick\StageGimmick\TargetWall.h" />
    <ClInclude Include="Src\Actor\Stage\Gimmick\StageGimmick\Block.h" />
    <ClInclude Include="Src\Actor\Stage\Gimmick\StageGimmick\coin.h" />
    <ClInclude Include="Src\Actor\Character\Enemy\Boss\2D\BossAttackMeteo2DState.h" />
    <ClInclude Include="Src\UI\Select\TitleMenu.h" />
    <ClInclude Include="StageIcon.h" />
    <ClInclude Include="Src\UI\Select\WorldSelectUI.h" />
    <ClInclude Include="Src\Scene\WorldSelectScene.h" />
    <ClInclude Include="Src\UI\Select\ManualUI.h" />
    <ClInclude Include="ResultData.h" />
  </ItemGroup>
  <ItemGroup>
    <ResourceCompile Include="Game.rc" />
  </ItemGroup>
</Project>